
Microsoft Visual Studio Solution File, Format Version 12.00
# Visual Studio Version 17
VisualStudioVersion = 17.6.33815.320
MinimumVisualStudioVersion = 10.0.40219.1
Project("{FAE04EC0-301F-11D3-BF4B-00C04F79EFBC}") = "Fitness.BL", "FitnessBL\Fitness.BL.csproj", "{F4B8F62A-E16B-4A19-ABBA-98C26B1211D1}"
EndProject
Project("{FAE04EC0-301F-11D3-BF4B-00C04F79EFBC}") = "Fitness.CMD", "Fitness.CMD\Fitness.CMD.csproj", "{C0C2231B-FF58-459D-8F91-3F843168909E}"
EndProject
Global
	GlobalSection(SolutionConfigurationPlatforms) = preSolution
		Debug|Any CPU = Debug|Any CPU
		Release|Any CPU = Release|Any CPU
	EndGlobalSection
	GlobalSection(ProjectConfigurationPlatforms) = postSolution
		{F4B8F62A-E16B-4A19-ABBA-98C26B1211D1}.Debug|Any CPU.ActiveCfg = Debug|Any CPU
		{F4B8F62A-E16B-4A19-ABBA-98C26B1211D1}.Debug|Any CPU.Build.0 = Debug|Any CPU
		{F4B8F62A-E16B-4A19-ABBA-98C26B1211D1}.Release|Any CPU.ActiveCfg = Release|Any CPU
		{F4B8F62A-E16B-4A19-ABBA-98C26B1211D1}.Release|Any CPU.Build.0 = Release|Any CPU
		{C0C2231B-FF58-459D-8F91-3F843168909E}.Debug|Any CPU.ActiveCfg = Debug|Any CPU
		{C0C2231B-FF58-459D-8F91-3F843168909E}.Debug|Any CPU.Build.0 = Debug|Any CPU
		{C0C2231B-FF58-459D-8F91-3F843168909E}.Release|Any CPU.ActiveCfg = Release|Any CPU
		{C0C2231B-FF58-459D-8F91-3F843168909E}.Release|Any CPU.Build.0 = Release|Any CPU
	EndGlobalSection
	GlobalSection(SolutionProperties) = preSolution
		HideSolutionNode = FALSE
	EndGlobalSection
	GlobalSection(ExtensibilityGlobals) = postSolution
		SolutionGuid = {ECB4E1A5-61BB-4620-B388-7348534711E9}
	EndGlobalSection
EndGlobal
